
Microsoft Visual Studio Solution File, Format Version 12.00
# Visual Studio 15
VisualStudioVersion = 15.0.28307.168
MinimumVisualStudioVersion = 10.0.40219.1
Project("{FAE04EC0-301F-11D3-BF4B-00C04F79EFBC}") = "RepoViewer", "RepoViewer\RepoViewer.csproj", "{8294DB96-A33B-43F8-993D-22C06C396C99}"
EndProject
Global
	GlobalSection(SolutionConfigurationPlatforms) = preSolution
		Debug|Any CPU = Debug|Any CPU
		Release|Any CPU = Release|Any CPU
	EndGlobalSection
	GlobalSection(ProjectConfigurationPlatforms) = postSolution
		{8294DB96-A33B-43F8-993D-22C06C396C99}.Debug|Any CPU.ActiveCfg = Debug|Any CPU
		{8294DB96-A33B-43F8-993D-22C06C396C99}.Debug|Any CPU.Build.0 = Debug|Any CPU
		{8294DB96-A33B-43F8-993D-22C06C396C99}.Release|Any CPU.ActiveCfg = Release|Any CPU
		{8294DB96-A33B-43F8-993D-22C06C396C99}.Release|Any CPU.Build.0 = Release|Any CPU
	EndGlobalSection
	GlobalSection(SolutionProperties) = preSolution
		HideSolutionNode = FALSE
	EndGlobalSection
	GlobalSection(ExtensibilityGlobals) = postSolution
		SolutionGuid = {161A5D9F-088F-4842-848F-C6D8689FDE47}
	EndGlobalSection
EndGlobal
